// !$*UTF8*$!
{
	archiveVersion = 1;
	classes = {
	};
	objectVersion = 46;
	objects = {

/* Begin PBXBuildFile section */
		9202DC6B1D181D11004ACA8F /* MediaPlayer.framework in Frameworks */ = {isa = PBXBuildFile; fileRef = 9202DC6A1D181D11004ACA8F /* MediaPlayer.framework */; };
		9202DC6E1D181D5D004ACA8F /* IMG_0002.mov in Resources */ = {isa = PBXBuildFile; fileRef = 9202DC6D1D181D5D004ACA8F /* IMG_0002.mov */; };
		9202DC741D181FF3004ACA8F /* VideoPlayerController.m in Sources */ = {isa = PBXBuildFile; fileRef = 9202DC731D181FF3004ACA8F /* VideoPlayerController.m */; };
		9211BCBC1D195A560064F049 /* 0-A.png in Resources */ = {isa = PBXBuildFile; fileRef = 9211BCB11D195A560064F049 /* 0-A.png */; };
		9211BCBD1D195A560064F049 /* 1-A.png in Resources */ = {isa = PBXBuildFile; fileRef = 9211BCB21D195A560064F049 /* 1-A.png */; };
		9211BCBE1D195A560064F049 /* 10-A.png in Resources */ = {isa = PBXBuildFile; fileRef = 9211BCB31D195A560064F049 /* 10-A.png */; };
		9211BCBF1D195A560064F049 /* 2-A.png in Resources */ = {isa = PBXBuildFile; fileRef = 9211BCB41D195A560064F049 /* 2-A.png */; };
		9211BCC01D195A560064F049 /* 3-A.png in Resources */ = {isa = PBXBuildFile; fileRef = 9211BCB51D195A560064F049 /* 3-A.png */; };
		9211BCC11D195A560064F049 /* 4-A.png in Resources */ = {isa = PBXBuildFile; fileRef = 9211BCB61D195A560064F049 /* 4-A.png */; };
		9211BCC21D195A560064F049 /* 5-A.png in Resources */ = {isa = PBXBuildFile; fileRef = 9211BCB71D195A560064F049 /* 5-A.png */; };
		9211BCC31D195A560064F049 /* 6-A.png in Resources */ = {isa = PBXBuildFile; fileRef = 9211BCB81D195A560064F049 /* 6-A.png */; };
		9211BCC41D195A560064F049 /* 7-A.png in Resources */ = {isa = PBXBuildFile; fileRef = 9211BCB91D195A560064F049 /* 7-A.png */; };
		9211BCC51D195A560064F049 /* 8-A.png in Resources */ = {isa = PBXBuildFile; fileRef = 9211BCBA1D195A560064F049 /* 8-A.png */; };
		9211BCC61D195A560064F049 /* 9-A.png in Resources */ = {isa = PBXBuildFile; fileRef = 9211BCBB1D195A560064F049 /* 9-A.png */; };
		92F9D02D1D1A5B050075A7E5 /* Images.xcassets in Resources */ = {isa = PBXBuildFile; fileRef = 92F9D02C1D1A5B050075A7E5 /* Images.xcassets */; };
		92F9D0301D1A66680075A7E5 /* UIWindow+PazLabs.m in Sources */ = {isa = PBXBuildFile; fileRef = 92F9D02F1D1A66680075A7E5 /* UIWindow+PazLabs.m */; };
		92F9D03C1D1A79910075A7E5 /* 0-C.png in Resources */ = {isa = PBXBuildFile; fileRef = 92F9D0311D1A79910075A7E5 /* 0-C.png */; };
		92F9D03D1D1A79910075A7E5 /* 1-C.png in Resources */ = {isa = PBXBuildFile; fileRef = 92F9D0321D1A79910075A7E5 /* 1-C.png */; };
		92F9D03E1D1A79910075A7E5 /* 2-C.png in Resources */ = {isa = PBXBuildFile; fileRef = 92F9D0331D1A79910075A7E5 /* 2-C.png */; };
		92F9D03F1D1A79910075A7E5 /* 3-C.png in Resources */ = {isa = PBXBuildFile; fileRef = 92F9D0341D1A79910075A7E5 /* 3-C.png */; };
		92F9D0401D1A79910075A7E5 /* 4-C.png in Resources */ = {isa = PBXBuildFile; fileRef = 92F9D0351D1A79910075A7E5 /* 4-C.png */; };
		92F9D0411D1A79910075A7E5 /* 5-C.png in Resources */ = {isa = PBXBuildFile; fileRef = 92F9D0361D1A79910075A7E5 /* 5-C.png */; };
		92F9D0421D1A79910075A7E5 /* 6-C.png in Resources */ = {isa = PBXBuildFile; fileRef = 92F9D0371D1A79910075A7E5 /* 6-C.png */; };
		92F9D0431D1A79910075A7E5 /* 7-C.png in Resources */ = {isa = PBXBuildFile; fileRef = 92F9D0381D1A79910075A7E5 /* 7-C.png */; };
		92F9D0441D1A79910075A7E5 /* 8-C.png in Resources */ = {isa = PBXBuildFile; fileRef = 92F9D0391D1A79910075A7E5 /* 8-C.png */; };
		92F9D0451D1A79910075A7E5 /* 9-C.png in Resources */ = {isa = PBXBuildFile; fileRef = 92F9D03A1D1A79910075A7E5 /* 9-C.png */; };
		92F9D0461D1A79910075A7E5 /* 10-C.png in Resources */ = {isa = PBXBuildFile; fileRef = 92F9D03B1D1A79910075A7E5 /* 10-C.png */; };
		92F9D04A1D1A842B0075A7E5 /* TPFInfoShareManager.m in Sources */ = {isa = PBXBuildFile; fileRef = 92F9D0491D1A842B0075A7E5 /* TPFInfoShareManager.m */; };
		BA103CC31D1D7329009AD29B /* 图形LOGO_UP.mov in Resources */ = {isa = PBXBuildFile; fileRef = BA103CC11D1D7329009AD29B /* 图形LOGO_UP.mov */; };
		BA103CC41D1D7329009AD29B /* 字母LOGO_UP.mov in Resources */ = {isa = PBXBuildFile; fileRef = BA103CC21D1D7329009AD29B /* 字母LOGO_UP.mov */; };
		BA103CC61D1E56DF009AD29B /* launchHD5_5.png in Resources */ = {isa = PBXBuildFile; fileRef = BA103CC51D1E56DF009AD29B /* launchHD5_5.png */; };
		BA103CCA1D1E58E1009AD29B /* Ocenary_Logo_01.png in Resources */ = {isa = PBXBuildFile; fileRef = BA103CC71D1E58E1009AD29B /* Ocenary_Logo_01.png */; };
		BA103CCB1D1E58E1009AD29B /* Ocenary_Logo_02.png in Resources */ = {isa = PBXBuildFile; fileRef = BA103CC81D1E58E1009AD29B /* Ocenary_Logo_02.png */; };
		BA103CCC1D1E58E1009AD29B /* Ocenary_Logo_03.png in Resources */ = {isa = PBXBuildFile; fileRef = BA103CC91D1E58E1009AD29B /* Ocenary_Logo_03.png */; };
		BA103CD01D1E61C9009AD29B /* play_button_32px_1199961_easyicon.net.png in Resources */ = {isa = PBXBuildFile; fileRef = BA103CCF1D1E61C9009AD29B /* play_button_32px_1199961_easyicon.net.png */; };
		BA103CDC1D1EAFC2009AD29B /* homeBG.png in Resources */ = {isa = PBXBuildFile; fileRef = BA103CDB1D1EAFC2009AD29B /* homeBG.png */; };
		BA29B5A71D197C8C006CD04B /* TPFTimerView.m in Sources */ = {isa = PBXBuildFile; fileRef = BA29B5A61D197C8C006CD04B /* TPFTimerView.m */; };
		BA6274B71D201B2300C7408A /* selectVideoMode.m in Sources */ = {isa = PBXBuildFile; fileRef = BA6274B61D201B2300C7408A /* selectVideoMode.m */; };
		BA6274BA1D2020F900C7408A /* 预约结算3.png in Resources */ = {isa = PBXBuildFile; fileRef = BA6274B81D2020F900C7408A /* 预约结算3.png */; };
		BA6274BB1D2020F900C7408A /* 预约结算4.png in Resources */ = {isa = PBXBuildFile; fileRef = BA6274B91D2020F900C7408A /* 预约结算4.png */; };
		BA6274BD1D20273C00C7408A /* 图形LOGO正面-MOV_01.mov in Resources */ = {isa = PBXBuildFile; fileRef = BA6274BC1D20273C00C7408A /* 图形LOGO正面-MOV_01.mov */; };
		BA6274C71D20358D00C7408A /* Alarm_icon512.png in Resources */ = {isa = PBXBuildFile; fileRef = BA6274BF1D20358D00C7408A /* Alarm_icon512.png */; };
		BA6274C81D20358D00C7408A /* App_Icon29.png in Resources */ = {isa = PBXBuildFile; fileRef = BA6274C01D20358D00C7408A /* App_Icon29.png */; };
		BA6274C91D20358D00C7408A /* App_Icon29@2x.png in Resources */ = {isa = PBXBuildFile; fileRef = BA6274C11D20358D00C7408A /* App_Icon29@2x.png */; };
		BA6274CA1D20358D00C7408A /* App_Icon29@3x.png in Resources */ = {isa = PBXBuildFile; fileRef = BA6274C21D20358D00C7408A /* App_Icon29@3x.png */; };
		BA6274CB1D20358D00C7408A /* App_Icon40@2x.png in Resources */ = {isa = PBXBuildFile; fileRef = BA6274C31D20358D00C7408A /* App_Icon40@2x.png */; };
		BA6274CC1D20358D00C7408A /* App_Icon40@3x.png in Resources */ = {isa = PBXBuildFile; fileRef = BA6274C41D20358D00C7408A /* App_Icon40@3x.png */; };
		BA6274CD1D20358D00C7408A /* App_Icon60@2x.png in Resources */ = {isa = PBXBuildFile; fileRef = BA6274C51D20358D00C7408A /* App_Icon60@2x.png */; };
		BA6274CE1D20358D00C7408A /* App_Icon60@3x.png in Resources */ = {isa = PBXBuildFile; fileRef = BA6274C61D20358D00C7408A /* App_Icon60@3x.png */; };
		BAB005771D199552009EC0B3 /* App_icon.png in Resources */ = {isa = PBXBuildFile; fileRef = BAB005761D199552009EC0B3 /* App_icon.png */; };
		BAB307C31D1C252B00BB47EA /* CoreMotion.framework in Frameworks */ = {isa = PBXBuildFile; fileRef = BAB307C21D1C252B00BB47EA /* CoreMotion.framework */; };
		BAB307C71D1C34AC00BB47EA /* 字母LOGO.mov in Resources */ = {isa = PBXBuildFile; fileRef = BAB307C61D1C34AC00BB47EA /* 字母LOGO.mov */; };
		BAB307C91D1C3CF500BB47EA /* 图形LOGO2.mov in Resources */ = {isa = PBXBuildFile; fileRef = BAB307C81D1C3CF500BB47EA /* 图形LOGO2.mov */; };
		BB2AB1FA171DCD4D0044DACE /* AlarmObject.m in Sources */ = {isa = PBXBuildFile; fileRef = BB2AB1F9171DCD4D0044DACE /* AlarmObject.m */; };
		BB2AB1FD171DEE740044DACE /* AddEditAlarmViewController.m in Sources */ = {isa = PBXBuildFile; fileRef = BB2AB1FC171DEE740044DACE /* AddEditAlarmViewController.m */; };
		BB34F1031703CAD3006EF991 /* UIKit.framework in Frameworks */ = {isa = PBXBuildFile; fileRef = BB34F1021703CAD3006EF991 /* UIKit.framework */; };
		BB34F1051703CAD3006EF991 /* Foundation.framework in Frameworks */ = {isa = PBXBuildFile; fileRef = BB34F1041703CAD3006EF991 /* Foundation.framework */; };
		BB34F1071703CAD3006EF991 /* CoreGraphics.framework in Frameworks */ = {isa = PBXBuildFile; fileRef = BB34F1061703CAD3006EF991 /* CoreGraphics.framework */; };
		BB34F10D1703CAD4006EF991 /* InfoPlist.strings in Resources */ = {isa = PBXBuildFile; fileRef = BB34F10B1703CAD4006EF991 /* InfoPlist.strings */; };
		BB34F10F1703CAD4006EF991 /* main.m in Sources */ = {isa = PBXBuildFile; fileRef = BB34F10E1703CAD4006EF991 /* main.m */; };
		BB34F1131703CAD4006EF991 /* AppDelegate.m in Sources */ = {isa = PBXBuildFile; fileRef = BB34F1121703CAD4006EF991 /* AppDelegate.m */; };
		BB34F1151703CAD4006EF991 /* Default.png in Resources */ = {isa = PBXBuildFile; fileRef = BB34F1141703CAD4006EF991 /* Default.png */; };
		BB34F1171703CAD4006EF991 /* Default@2x.png in Resources */ = {isa = PBXBuildFile; fileRef = BB34F1161703CAD4006EF991 /* Default@2x.png */; };
		BB34F1191703CAD4006EF991 /* Default-568h@2x.png in Resources */ = {isa = PBXBuildFile; fileRef = BB34F1181703CAD4006EF991 /* Default-568h@2x.png */; };
		BB34F11C1703CAD4006EF991 /* MainStoryboard.storyboard in Resources */ = {isa = PBXBuildFile; fileRef = BB34F11A1703CAD4006EF991 /* MainStoryboard.storyboard */; };
		BB34F11F1703CAD4006EF991 /* HomeViewController.m in Sources */ = {isa = PBXBuildFile; fileRef = BB34F11E1703CAD4006EF991 /* HomeViewController.m */; };
		BB34F1261703CB2B006EF991 /* digital-7.ttf in Resources */ = {isa = PBXBuildFile; fileRef = BB34F1251703CB2B006EF991 /* digital-7.ttf */; };
		BBB1FA95171DC61800632A28 /* AlarmListTableController.m in Sources */ = {isa = PBXBuildFile; fileRef = BBB1FA94171DC61800632A28 /* AlarmListTableController.m */; };
		BBFD0EC8171FA49D00F7C664 /* Best_Morning_Alarm.m4r in Resources */ = {isa = PBXBuildFile; fileRef = BBFD0EC7171FA49D00F7C664 /* Best_Morning_Alarm.m4r */; };
		BBFD0ECA171FA4CF00F7C664 /* AVFoundation.framework in Frameworks */ = {isa = PBXBuildFile; fileRef = BBFD0EC9171FA4CF00F7C664 /* AVFoundation.framework */; };
		BBFD0ECD171FA6F200F7C664 /* AlarmLabelEditViewController.m in Sources */ = {isa = PBXBuildFile; fileRef = BBFD0ECC171FA6F200F7C664 /* AlarmLabelEditViewController.m */; };
/* End PBXBuildFile section */

/* Begin PBXFileReference section */
		9202DC6A1D181D11004ACA8F /* MediaPlayer.framework */ = {isa = PBXFileReference; lastKnownFileType = wrapper.framework; name = MediaPlayer.framework; path = System/Library/Frameworks/MediaPlayer.framework; sourceTree = SDKROOT; };
		9202DC6D1D181D5D004ACA8F /* IMG_0002.mov */ = {isa = PBXFileReference; lastKnownFileType = video.quicktime; path = IMG_0002.mov; sourceTree = "<group>"; };
		9202DC721D181FF3004ACA8F /* VideoPlayerController.h */ = {isa = PBXFileReference; fileEncoding = 4; lastKnownFileType = sourcecode.c.h; path = VideoPlayerController.h; sourceTree = "<group>"; };
		9202DC731D181FF3004ACA8F /* VideoPlayerController.m */ = {isa = PBXFileReference; fileEncoding = 4; lastKnownFileType = sourcecode.c.objc; path = VideoPlayerController.m; sourceTree = "<group>"; };
		9211BCB11D195A560064F049 /* 0-A.png */ = {isa = PBXFileReference; lastKnownFileType = image.png; path = "0-A.png"; sourceTree = "<group>"; };
		9211BCB21D195A560064F049 /* 1-A.png */ = {isa = PBXFileReference; lastKnownFileType = image.png; path = "1-A.png"; sourceTree = "<group>"; };
		9211BCB31D195A560064F049 /* 10-A.png */ = {isa = PBXFileReference; lastKnownFileType = image.png; path = "10-A.png"; sourceTree = "<group>"; };
		9211BCB41D195A560064F049 /* 2-A.png */ = {isa = PBXFileReference; lastKnownFileType = image.png; path = "2-A.png"; sourceTree = "<group>"; };
		9211BCB51D195A560064F049 /* 3-A.png */ = {isa = PBXFileReference; lastKnownFileType = image.png; path = "3-A.png"; sourceTree = "<group>"; };
		9211BCB61D195A560064F049 /* 4-A.png */ = {isa = PBXFileReference; lastKnownFileType = image.png; path = "4-A.png"; sourceTree = "<group>"; };
		9211BCB71D195A560064F049 /* 5-A.png */ = {isa = PBXFileReference; lastKnownFileType = image.png; path = "5-A.png"; sourceTree = "<group>"; };
		9211BCB81D195A560064F049 /* 6-A.png */ = {isa = PBXFileReference; lastKnownFileType = image.png; path = "6-A.png"; sourceTree = "<group>"; };
		9211BCB91D195A560064F049 /* 7-A.png */ = {isa = PBXFileReference; lastKnownFileType = image.png; path = "7-A.png"; sourceTree = "<group>"; };
		9211BCBA1D195A560064F049 /* 8-A.png */ = {isa = PBXFileReference; lastKnownFileType = image.png; path = "8-A.png"; sourceTree = "<group>"; };
		9211BCBB1D195A560064F049 /* 9-A.png */ = {isa = PBXFileReference; lastKnownFileType = image.png; path = "9-A.png"; sourceTree = "<group>"; };
		92F9D02C1D1A5B050075A7E5 /* Images.xcassets */ = {isa = PBXFileReference; lastKnownFileType = folder.assetcatalog; path = Images.xcassets; sourceTree = "<group>"; };
		92F9D02E1D1A66680075A7E5 /* UIWindow+PazLabs.h */ = {isa = PBXFileReference; fileEncoding = 4; lastKnownFileType = sourcecode.c.h; path = "UIWindow+PazLabs.h"; sourceTree = "<group>"; };
		92F9D02F1D1A66680075A7E5 /* UIWindow+PazLabs.m */ = {isa = PBXFileReference; fileEncoding = 4; lastKnownFileType = sourcecode.c.objc; path = "UIWindow+PazLabs.m"; sourceTree = "<group>"; };
		92F9D0311D1A79910075A7E5 /* 0-C.png */ = {isa = PBXFileReference; lastKnownFileType = image.png; path = "0-C.png"; sourceTree = "<group>"; };
		92F9D0321D1A79910075A7E5 /* 1-C.png */ = {isa = PBXFileReference; lastKnownFileType = image.png; path = "1-C.png"; sourceTree = "<group>"; };
		92F9D0331D1A79910075A7E5 /* 2-C.png */ = {isa = PBXFileReference; lastKnownFileType = image.png; path = "2-C.png"; sourceTree = "<group>"; };
		92F9D0341D1A79910075A7E5 /* 3-C.png */ = {isa = PBXFileReference; lastKnownFileType = image.png; path = "3-C.png"; sourceTree = "<group>"; };
		92F9D0351D1A79910075A7E5 /* 4-C.png */ = {isa = PBXFileReference; lastKnownFileType = image.png; path = "4-C.png"; sourceTree = "<group>"; };
		92F9D0361D1A79910075A7E5 /* 5-C.png */ = {isa = PBXFileReference; lastKnownFileType = image.png; path = "5-C.png"; sourceTree = "<group>"; };
		92F9D0371D1A79910075A7E5 /* 6-C.png */ = {isa = PBXFileReference; lastKnownFileType = image.png; path = "6-C.png"; sourceTree = "<group>"; };
		92F9D0381D1A79910075A7E5 /* 7-C.png */ = {isa = PBXFileReference; lastKnownFileType = image.png; path = "7-C.png"; sourceTree = "<group>"; };
		92F9D0391D1A79910075A7E5 /* 8-C.png */ = {isa = PBXFileReference; lastKnownFileType = image.png; path = "8-C.png"; sourceTree = "<group>"; };
		92F9D03A1D1A79910075A7E5 /* 9-C.png */ = {isa = PBXFileReference; lastKnownFileType = image.png; path = "9-C.png"; sourceTree = "<group>"; };
		92F9D03B1D1A79910075A7E5 /* 10-C.png */ = {isa = PBXFileReference; lastKnownFileType = image.png; path = "10-C.png"; sourceTree = "<group>"; };
		92F9D0481D1A842B0075A7E5 /* TPFInfoShareManager.h */ = {isa = PBXFileReference; fileEncoding = 4; lastKnownFileType = sourcecode.c.h; path = TPFInfoShareManager.h; sourceTree = "<group>"; };
		92F9D0491D1A842B0075A7E5 /* TPFInfoShareManager.m */ = {isa = PBXFileReference; fileEncoding = 4; lastKnownFileType = sourcecode.c.objc; path = TPFInfoShareManager.m; sourceTree = "<group>"; };
		BA103CC11D1D7329009AD29B /* 图形LOGO_UP.mov */ = {isa = PBXFileReference; lastKnownFileType = video.quicktime; path = "图形LOGO_UP.mov"; sourceTree = "<group>"; };
		BA103CC21D1D7329009AD29B /* 字母LOGO_UP.mov */ = {isa = PBXFileReference; lastKnownFileType = video.quicktime; path = "字母LOGO_UP.mov"; sourceTree = "<group>"; };
		BA103CC51D1E56DF009AD29B /* launchHD5_5.png */ = {isa = PBXFileReference; lastKnownFileType = image.png; path = launchHD5_5.png; sourceTree = "<group>"; };
		BA103CC71D1E58E1009AD29B /* Ocenary_Logo_01.png */ = {isa = PBXFileReference; lastKnownFileType = image.png; path = Ocenary_Logo_01.png; sourceTree = "<group>"; };
		BA103CC81D1E58E1009AD29B /* Ocenary_Logo_02.png */ = {isa = PBXFileReference; lastKnownFileType = image.png; path = Ocenary_Logo_02.png; sourceTree = "<group>"; };
		BA103CC91D1E58E1009AD29B /* Ocenary_Logo_03.png */ = {isa = PBXFileReference; lastKnownFileType = image.png; path = Ocenary_Logo_03.png; sourceTree = "<group>"; };
		BA103CCF1D1E61C9009AD29B /* play_button_32px_1199961_easyicon.net.png */ = {isa = PBXFileReference; lastKnownFileType = image.png; path = play_button_32px_1199961_easyicon.net.png; sourceTree = "<group>"; };
		BA103CDB1D1EAFC2009AD29B /* homeBG.png */ = {isa = PBXFileReference; lastKnownFileType = image.png; path = homeBG.png; sourceTree = "<group>"; };
		BA29B5A51D197C8C006CD04B /* TPFTimerView.h */ = {isa = PBXFileReference; fileEncoding = 4; lastKnownFileType = sourcecode.c.h; path = TPFTimerView.h; sourceTree = "<group>"; };
		BA29B5A61D197C8C006CD04B /* TPFTimerView.m */ = {isa = PBXFileReference; fileEncoding = 4; lastKnownFileType = sourcecode.c.objc; path = TPFTimerView.m; sourceTree = "<group>"; };
		BA6274B51D201B2300C7408A /* selectVideoMode.h */ = {isa = PBXFileReference; fileEncoding = 4; lastKnownFileType = sourcecode.c.h; path = selectVideoMode.h; sourceTree = "<group>"; };
		BA6274B61D201B2300C7408A /* selectVideoMode.m */ = {isa = PBXFileReference; fileEncoding = 4; lastKnownFileType = sourcecode.c.objc; path = selectVideoMode.m; sourceTree = "<group>"; };
		BA6274B81D2020F900C7408A /* 预约结算3.png */ = {isa = PBXFileReference; lastKnownFileType = image.png; path = "预约结算3.png"; sourceTree = "<group>"; };
		BA6274B91D2020F900C7408A /* 预约结算4.png */ = {isa = PBXFileReference; lastKnownFileType = image.png; path = "预约结算4.png"; sourceTree = "<group>"; };
		BA6274BC1D20273C00C7408A /* 图形LOGO正面-MOV_01.mov */ = {isa = PBXFileReference; lastKnownFileType = video.quicktime; path = "图形LOGO正面-MOV_01.mov"; sourceTree = "<group>"; };
		BA6274BF1D20358D00C7408A /* Alarm_icon512.png */ = {isa = PBXFileReference; lastKnownFileType = image.png; path = Alarm_icon512.png; sourceTree = "<group>"; };
		BA6274C01D20358D00C7408A /* App_Icon29.png */ = {isa = PBXFileReference; lastKnownFileType = image.png; path = App_Icon29.png; sourceTree = "<group>"; };
		BA6274C11D20358D00C7408A /* App_Icon29@2x.png */ = {isa = PBXFileReference; lastKnownFileType = image.png; path = "App_Icon29@2x.png"; sourceTree = "<group>"; };
		BA6274C21D20358D00C7408A /* App_Icon29@3x.png */ = {isa = PBXFileReference; lastKnownFileType = image.png; path = "App_Icon29@3x.png"; sourceTree = "<group>"; };
		BA6274C31D20358D00C7408A /* App_Icon40@2x.png */ = {isa = PBXFileReference; lastKnownFileType = image.png; path = "App_Icon40@2x.png"; sourceTree = "<group>"; };
		BA6274C41D20358D00C7408A /* App_Icon40@3x.png */ = {isa = PBXFileReference; lastKnownFileType = image.png; path = "App_Icon40@3x.png"; sourceTree = "<group>"; };
		BA6274C51D20358D00C7408A /* App_Icon60@2x.png */ = {isa = PBXFileReference; lastKnownFileType = image.png; path = "App_Icon60@2x.png"; sourceTree = "<group>"; };
		BA6274C61D20358D00C7408A /* App_Icon60@3x.png */ = {isa = PBXFileReference; lastKnownFileType = image.png; path = "App_Icon60@3x.png"; sourceTree = "<group>"; };
		BAB005761D199552009EC0B3 /* App_icon.png */ = {isa = PBXFileReference; lastKnownFileType = image.png; path = App_icon.png; sourceTree = "<group>"; };
		BAB307C21D1C252B00BB47EA /* CoreMotion.framework */ = {isa = PBXFileReference; lastKnownFileType = wrapper.framework; name = CoreMotion.framework; path = System/Library/Frameworks/CoreMotion.framework; sourceTree = SDKROOT; };
		BAB307C61D1C34AC00BB47EA /* 字母LOGO.mov */ = {isa = PBXFileReference; lastKnownFileType = video.quicktime; path = "字母LOGO.mov"; sourceTree = "<group>"; };
		BAB307C81D1C3CF500BB47EA /* 图形LOGO2.mov */ = {isa = PBXFileReference; lastKnownFileType = video.quicktime; path = "图形LOGO2.mov"; sourceTree = "<group>"; };
		BB2AB1F8171DCD4D0044DACE /* AlarmObject.h */ = {isa = PBXFileReference; fileEncoding = 4; lastKnownFileType = sourcecode.c.h; path = AlarmObject.h; sourceTree = "<group>"; };
		BB2AB1F9171DCD4D0044DACE /* AlarmObject.m */ = {isa = PBXFileReference; fileEncoding = 4; lastKnownFileType = sourcecode.c.objc; path = AlarmObject.m; sourceTree = "<group>"; };
		BB2AB1FB171DEE740044DACE /* AddEditAlarmViewController.h */ = {isa = PBXFileReference; fileEncoding = 4; lastKnownFileType = sourcecode.c.h; path = AddEditAlarmViewController.h; sourceTree = "<group>"; };
		BB2AB1FC171DEE740044DACE /* AddEditAlarmViewController.m */ = {isa = PBXFileReference; fileEncoding = 4; lastKnownFileType = sourcecode.c.objc; path = AddEditAlarmViewController.m; sourceTree = "<group>"; };
		BB34F0FF1703CAD3006EF991 /* 影像闹钟.app */ = {isa = PBXFileReference; explicitFileType = wrapper.application; includeInIndex = 0; path = "影像闹钟.app"; sourceTree = BUILT_PRODUCTS_DIR; };
		BB34F1021703CAD3006EF991 /* UIKit.framework */ = {isa = PBXFileReference; lastKnownFileType = wrapper.framework; name = UIKit.framework; path = System/Library/Frameworks/UIKit.framework; sourceTree = SDKROOT; };
		BB34F1041703CAD3006EF991 /* Foundation.framework */ = {isa = PBXFileReference; lastKnownFileType = wrapper.framework; name = Foundation.framework; path = System/Library/Frameworks/Foundation.framework; sourceTree = SDKROOT; };
		BB34F1061703CAD3006EF991 /* CoreGraphics.framework */ = {isa = PBXFileReference; lastKnownFileType = wrapper.framework; name = CoreGraphics.framework; path = System/Library/Frameworks/CoreGraphics.framework; sourceTree = SDKROOT; };
		BB34F10A1703CAD4006EF991 /* AlarmClock-Info.plist */ = {isa = PBXFileReference; lastKnownFileType = text.plist.xml; path = "AlarmClock-Info.plist"; sourceTree = "<group>"; };
		BB34F10C1703CAD4006EF991 /* en */ = {isa = PBXFileReference; lastKnownFileType = text.plist.strings; name = en; path = en.lproj/InfoPlist.strings; sourceTree = "<group>"; };
		BB34F10E1703CAD4006EF991 /* main.m */ = {isa = PBXFileReference; lastKnownFileType = sourcecode.c.objc; path = main.m; sourceTree = "<group>"; };
		BB34F1101703CAD4006EF991 /* AlarmClock-Prefix.pch */ = {isa = PBXFileReference; lastKnownFileType = sourcecode.c.h; path = "AlarmClock-Prefix.pch"; sourceTree = "<group>"; };
		BB34F1111703CAD4006EF991 /* AppDelegate.h */ = {isa = PBXFileReference; lastKnownFileType = sourcecode.c.h; path = AppDelegate.h; sourceTree = "<group>"; };
		BB34F1121703CAD4006EF991 /* AppDelegate.m */ = {isa = PBXFileReference; lastKnownFileType = sourcecode.c.objc; path = AppDelegate.m; sourceTree = "<group>"; };
		BB34F1141703CAD4006EF991 /* Default.png */ = {isa = PBXFileReference; lastKnownFileType = image.png; path = Default.png; sourceTree = "<group>"; };
		BB34F1161703CAD4006EF991 /* Default@2x.png */ = {isa = PBXFileReference; lastKnownFileType = image.png; path = "Default@2x.png"; sourceTree = "<group>"; };
		BB34F1181703CAD4006EF991 /* Default-568h@2x.png */ = {isa = PBXFileReference; lastKnownFileType = image.png; path = "Default-568h@2x.png"; sourceTree = "<group>"; };
		BB34F11B1703CAD4006EF991 /* en */ = {isa = PBXFileReference; lastKnownFileType = file.storyboard; name = en; path = en.lproj/MainStoryboard.storyboard; sourceTree = "<group>"; };
		BB34F11D1703CAD4006EF991 /* HomeViewController.h */ = {isa = PBXFileReference; lastKnownFileType = sourcecode.c.h; path = HomeViewController.h; sourceTree = "<group>"; };
		BB34F11E1703CAD4006EF991 /* HomeViewController.m */ = {isa = PBXFileReference; lastKnownFileType = sourcecode.c.objc; path = HomeViewController.m; sourceTree = "<group>"; };
		BB34F1251703CB2B006EF991 /* digital-7.ttf */ = {isa = PBXFileReference; lastKnownFileType = file; path = "digital-7.ttf"; sourceTree = "<group>"; };
		BBB1FA93171DC61700632A28 /* AlarmListTableController.h */ = {isa = PBXFileReference; fileEncoding = 4; lastKnownFileType = sourcecode.c.h; path = AlarmListTableController.h; sourceTree = "<group>"; };
		BBB1FA94171DC61800632A28 /* AlarmListTableController.m */ = {isa = PBXFileReference; fileEncoding = 4; lastKnownFileType = sourcecode.c.objc; path = AlarmListTableController.m; sourceTree = "<group>"; };
		BBFD0EC7171FA49D00F7C664 /* Best_Morning_Alarm.m4r */ = {isa = PBXFileReference; lastKnownFileType = file; path = Best_Morning_Alarm.m4r; sourceTree = "<group>"; };
		BBFD0EC9171FA4CF00F7C664 /* AVFoundation.framework */ = {isa = PBXFileReference; lastKnownFileType = wrapper.framework; name = AVFoundation.framework; path = System/Library/Frameworks/AVFoundation.framework; sourceTree = SDKROOT; };
		BBFD0ECB171FA6F100F7C664 /* AlarmLabelEditViewController.h */ = {isa = PBXFileReference; fileEncoding = 4; lastKnownFileType = sourcecode.c.h; path = AlarmLabelEditViewController.h; sourceTree = "<group>"; };
		BBFD0ECC171FA6F200F7C664 /* AlarmLabelEditViewController.m */ = {isa = PBXFileReference; fileEncoding = 4; lastKnownFileType = sourcecode.c.objc; path = AlarmLabelEditViewController.m; sourceTree = "<group>"; };
/* End PBXFileReference section */

/* Begin PBXFrameworksBuildPhase section */
		BB34F0FC1703CAD3006EF991 /* Frameworks */ = {
			isa = PBXFrameworksBuildPhase;
			buildActionMask = 2147483647;
			files = (
				BAB307C31D1C252B00BB47EA /* CoreMotion.framework in Frameworks */,
				9202DC6B1D181D11004ACA8F /* MediaPlayer.framework in Frameworks */,
				BBFD0ECA171FA4CF00F7C664 /* AVFoundation.framework in Frameworks */,
				BB34F1031703CAD3006EF991 /* UIKit.framework in Frameworks */,
				BB34F1051703CAD3006EF991 /* Foundation.framework in Frameworks */,
				BB34F1071703CAD3006EF991 /* CoreGraphics.framework in Frameworks */,
			);
			runOnlyForDeploymentPostprocessing = 0;
		};
/* End PBXFrameworksBuildPhase section */

/* Begin PBXGroup section */
		9202DC6C1D181D5D004ACA8F /* video */ = {
			isa = PBXGroup;
			children = (
				BA6274BC1D20273C00C7408A /* 图形LOGO正面-MOV_01.mov */,
				BA103CC11D1D7329009AD29B /* 图形LOGO_UP.mov */,
				BA103CC21D1D7329009AD29B /* 字母LOGO_UP.mov */,
				BAB307C61D1C34AC00BB47EA /* 字母LOGO.mov */,
				BAB307C81D1C3CF500BB47EA /* 图形LOGO2.mov */,
				9202DC6D1D181D5D004ACA8F /* IMG_0002.mov */,
			);
			path = video;
			sourceTree = "<group>";
		};
		9211BCB01D195A560064F049 /* Alarm_Digital */ = {
			isa = PBXGroup;
			children = (
				92F9D0311D1A79910075A7E5 /* 0-C.png */,
				92F9D0321D1A79910075A7E5 /* 1-C.png */,
				92F9D0331D1A79910075A7E5 /* 2-C.png */,
				92F9D0341D1A79910075A7E5 /* 3-C.png */,
				92F9D0351D1A79910075A7E5 /* 4-C.png */,
				92F9D0361D1A79910075A7E5 /* 5-C.png */,
				92F9D0371D1A79910075A7E5 /* 6-C.png */,
				92F9D0381D1A79910075A7E5 /* 7-C.png */,
				92F9D0391D1A79910075A7E5 /* 8-C.png */,
				92F9D03A1D1A79910075A7E5 /* 9-C.png */,
				92F9D03B1D1A79910075A7E5 /* 10-C.png */,
				9211BCB11D195A560064F049 /* 0-A.png */,
				9211BCB21D195A560064F049 /* 1-A.png */,
				9211BCB31D195A560064F049 /* 10-A.png */,
				9211BCB41D195A560064F049 /* 2-A.png */,
				9211BCB51D195A560064F049 /* 3-A.png */,
				9211BCB61D195A560064F049 /* 4-A.png */,
				9211BCB71D195A560064F049 /* 5-A.png */,
				9211BCB81D195A560064F049 /* 6-A.png */,
				9211BCB91D195A560064F049 /* 7-A.png */,
				9211BCBA1D195A560064F049 /* 8-A.png */,
				9211BCBB1D195A560064F049 /* 9-A.png */,
			);
			name = Alarm_Digital;
			path = Alarm_di;
			sourceTree = "<group>";
		};
		92F9D0471D1A83EB0075A7E5 /* Util */ = {
			isa = PBXGroup;
			children = (
				92F9D0481D1A842B0075A7E5 /* TPFInfoShareManager.h */,
				92F9D0491D1A842B0075A7E5 /* TPFInfoShareManager.m */,
			);
			path = Util;
			sourceTree = "<group>";
		};
		BA29B5A41D197C45006CD04B /* View */ = {
			isa = PBXGroup;
			children = (
				BA29B5A51D197C8C006CD04B /* TPFTimerView.h */,
				BA29B5A61D197C8C006CD04B /* TPFTimerView.m */,
			);
			path = View;
			sourceTree = "<group>";
		};
		BA6274BE1D20358D00C7408A /* App_Icon */ = {
			isa = PBXGroup;
			children = (
				BA6274BF1D20358D00C7408A /* Alarm_icon512.png */,
				BA6274C01D20358D00C7408A /* App_Icon29.png */,
				BA6274C11D20358D00C7408A /* App_Icon29@2x.png */,
				BA6274C21D20358D00C7408A /* App_Icon29@3x.png */,
				BA6274C31D20358D00C7408A /* App_Icon40@2x.png */,
				BA6274C41D20358D00C7408A /* App_Icon40@3x.png */,
				BA6274C51D20358D00C7408A /* App_Icon60@2x.png */,
				BA6274C61D20358D00C7408A /* App_Icon60@3x.png */,
			);
			path = App_Icon;
			sourceTree = "<group>";
		};
		BB34F0F61703CAD3006EF991 = {
			isa = PBXGroup;
			children = (
				BB34F1081703CAD3006EF991 /* AlarmClock */,
				BB34F1011703CAD3006EF991 /* Frameworks */,
				BB34F1001703CAD3006EF991 /* Products */,
			);
			sourceTree = "<group>";
		};
		BB34F1001703CAD3006EF991 /* Products */ = {
			isa = PBXGroup;
			children = (
				BB34F0FF1703CAD3006EF991 /* 影像闹钟.app */,
			);
			name = Products;
			sourceTree = "<group>";
		};
		BB34F1011703CAD3006EF991 /* Frameworks */ = {
			isa = PBXGroup;
			children = (
				BAB307C21D1C252B00BB47EA /* CoreMotion.framework */,
				9202DC6A1D181D11004ACA8F /* MediaPlayer.framework */,
				BBFD0EC9171FA4CF00F7C664 /* AVFoundation.framework */,
				BB34F1021703CAD3006EF991 /* UIKit.framework */,
				BB34F1041703CAD3006EF991 /* Foundation.framework */,
				BB34F1061703CAD3006EF991 /* CoreGraphics.framework */,
			);
			name = Frameworks;
			sourceTree = "<group>";
		};
		BB34F1081703CAD3006EF991 /* AlarmClock */ = {
			isa = PBXGroup;
			children = (
				BB34F1111703CAD4006EF991 /* AppDelegate.h */,
				BB34F1121703CAD4006EF991 /* AppDelegate.m */,
				BB34F11A1703CAD4006EF991 /* MainStoryboard.storyboard */,
				92F9D0471D1A83EB0075A7E5 /* Util */,
				BA29B5A41D197C45006CD04B /* View */,
				BB8E4A5B1721F92E009AA32E /* View Controllers */,
				BB8E4A5A1721F91C009AA32E /* Custom Objects */,
				92F9D02C1D1A5B050075A7E5 /* Images.xcassets */,
				BB34F1091703CAD4006EF991 /* Supporting Files */,
			);
			path = AlarmClock;
			sourceTree = "<group>";
		};
		BB34F1091703CAD4006EF991 /* Supporting Files */ = {
			isa = PBXGroup;
			children = (
				BA6274BE1D20358D00C7408A /* App_Icon */,
				BA6274B81D2020F900C7408A /* 预约结算3.png */,
				BA6274B91D2020F900C7408A /* 预约结算4.png */,
				BA103CDB1D1EAFC2009AD29B /* homeBG.png */,
				BA103CCF1D1E61C9009AD29B /* play_button_32px_1199961_easyicon.net.png */,
				BA103CC71D1E58E1009AD29B /* Ocenary_Logo_01.png */,
				BA103CC81D1E58E1009AD29B /* Ocenary_Logo_02.png */,
				BA103CC91D1E58E1009AD29B /* Ocenary_Logo_03.png */,
				BA103CC51D1E56DF009AD29B /* launchHD5_5.png */,
				BAB005761D199552009EC0B3 /* App_icon.png */,
				9211BCB01D195A560064F049 /* Alarm_Digital */,
				BB8E4A591721F8E6009AA32E /* Custom Fonts */,
				BB8E4A581721F8DB009AA32E /* Sounds */,
				9202DC6C1D181D5D004ACA8F /* video */,
				BB34F10A1703CAD4006EF991 /* AlarmClock-Info.plist */,
				BB34F10B1703CAD4006EF991 /* InfoPlist.strings */,
				BB34F10E1703CAD4006EF991 /* main.m */,
				BB34F1101703CAD4006EF991 /* AlarmClock-Prefix.pch */,
				BB34F1141703CAD4006EF991 /* Default.png */,
				BB34F1161703CAD4006EF991 /* Default@2x.png */,
				BB34F1181703CAD4006EF991 /* Default-568h@2x.png */,
			);
			name = "Supporting Files";
			sourceTree = "<group>";
		};
		BB8E4A581721F8DB009AA32E /* Sounds */ = {
			isa = PBXGroup;
			children = (
				BBFD0EC7171FA49D00F7C664 /* Best_Morning_Alarm.m4r */,
			);
			name = Sounds;
			sourceTree = "<group>";
		};
		BB8E4A591721F8E6009AA32E /* Custom Fonts */ = {
			isa = PBXGroup;
			children = (
				BB34F1251703CB2B006EF991 /* digital-7.ttf */,
			);
			name = "Custom Fonts";
			sourceTree = "<group>";
		};
		BB8E4A5A1721F91C009AA32E /* Custom Objects */ = {
			isa = PBXGroup;
			children = (
				BB2AB1F8171DCD4D0044DACE /* AlarmObject.h */,
				BB2AB1F9171DCD4D0044DACE /* AlarmObject.m */,
			);
			name = "Custom Objects";
			sourceTree = "<group>";
		};
		BB8E4A5B1721F92E009AA32E /* View Controllers */ = {
			isa = PBXGroup;
			children = (
				BB34F11D1703CAD4006EF991 /* HomeViewController.h */,
				BB34F11E1703CAD4006EF991 /* HomeViewController.m */,
				BBB1FA93171DC61700632A28 /* AlarmListTableController.h */,
				BBB1FA94171DC61800632A28 /* AlarmListTableController.m */,
				BB2AB1FB171DEE740044DACE /* AddEditAlarmViewController.h */,
				BB2AB1FC171DEE740044DACE /* AddEditAlarmViewController.m */,
				BBFD0ECB171FA6F100F7C664 /* AlarmLabelEditViewController.h */,
				BBFD0ECC171FA6F200F7C664 /* AlarmLabelEditViewController.m */,
				9202DC721D181FF3004ACA8F /* VideoPlayerController.h */,
				9202DC731D181FF3004ACA8F /* VideoPlayerController.m */,
				92F9D02E1D1A66680075A7E5 /* UIWindow+PazLabs.h */,
				92F9D02F1D1A66680075A7E5 /* UIWindow+PazLabs.m */,
				BA6274B51D201B2300C7408A /* selectVideoMode.h */,
				BA6274B61D201B2300C7408A /* selectVideoMode.m */,
			);
			name = "View Controllers";
			sourceTree = "<group>";
		};
/* End PBXGroup section */

/* Begin PBXNativeTarget section */
		BB34F0FE1703CAD3006EF991 /* AlarmClock */ = {
			isa = PBXNativeTarget;
			buildConfigurationList = BB34F1221703CAD4006EF991 /* Build configuration list for PBXNativeTarget "AlarmClock" */;
			buildPhases = (
				BB34F0FB1703CAD3006EF991 /* Sources */,
				BB34F0FC1703CAD3006EF991 /* Frameworks */,
				BB34F0FD1703CAD3006EF991 /* Resources */,
			);
			buildRules = (
			);
			dependencies = (
			);
			name = AlarmClock;
			productName = AlarmClock;
			productReference = BB34F0FF1703CAD3006EF991 /* 影像闹钟.app */;
			productType = "com.apple.product-type.application";
		};
/* End PBXNativeTarget section */

/* Begin PBXProject section */
		BB34F0F71703CAD3006EF991 /* Project object */ = {
			isa = PBXProject;
			attributes = {
				LastUpgradeCheck = 0460;
				ORGANIZATIONNAME = "Jon Bauer";
				TargetAttributes = {
					BB34F0FE1703CAD3006EF991 = {
						DevelopmentTeam = Z3VGL34GCF;
						SystemCapabilities = {
							com.apple.Push = {
								enabled = 1;
							};
						};
					};
				};
			};
			buildConfigurationList = BB34F0FA1703CAD3006EF991 /* Build configuration list for PBXProject "AlarmClock" */;
			compatibilityVersion = "Xcode 3.2";
			developmentRegion = English;
			hasScannedForEncodings = 0;
			knownRegions = (
				en,
			);
			mainGroup = BB34F0F61703CAD3006EF991;
			productRefGroup = BB34F1001703CAD3006EF991 /* Products */;
			projectDirPath = "";
			projectRoot = "";
			targets = (
				BB34F0FE1703CAD3006EF991 /* AlarmClock */,
			);
		};
/* End PBXProject section */

/* Begin PBXResourcesBuildPhase section */
		BB34F0FD1703CAD3006EF991 /* Resources */ = {
			isa = PBXResourcesBuildPhase;
			buildActionMask = 2147483647;
			files = (
				9211BCBD1D195A560064F049 /* 1-A.png in Resources */,
				BA6274CD1D20358D00C7408A /* App_Icon60@2x.png in Resources */,
				9211BCC41D195A560064F049 /* 7-A.png in Resources */,
				92F9D03D1D1A79910075A7E5 /* 1-C.png in Resources */,
				9211BCC51D195A560064F049 /* 8-A.png in Resources */,
				BA103CC41D1D7329009AD29B /* 字母LOGO_UP.mov in Resources */,
				BA103CCC1D1E58E1009AD29B /* Ocenary_Logo_03.png in Resources */,
				92F9D02D1D1A5B050075A7E5 /* Images.xcassets in Resources */,
				BB34F10D1703CAD4006EF991 /* InfoPlist.strings in Resources */,
				9211BCC11D195A560064F049 /* 4-A.png in Resources */,
				BB34F1151703CAD4006EF991 /* Default.png in Resources */,
				92F9D03E1D1A79910075A7E5 /* 2-C.png in Resources */,
				BAB307C91D1C3CF500BB47EA /* 图形LOGO2.mov in Resources */,
				BA103CCA1D1E58E1009AD29B /* Ocenary_Logo_01.png in Resources */,
				9211BCC61D195A560064F049 /* 9-A.png in Resources */,
				BA6274CC1D20358D00C7408A /* App_Icon40@3x.png in Resources */,
				9211BCC31D195A560064F049 /* 6-A.png in Resources */,
				9202DC6E1D181D5D004ACA8F /* IMG_0002.mov in Resources */,
				92F9D0441D1A79910075A7E5 /* 8-C.png in Resources */,
				92F9D03C1D1A79910075A7E5 /* 0-C.png in Resources */,
				BA6274CA1D20358D00C7408A /* App_Icon29@3x.png in Resources */,
				92F9D0431D1A79910075A7E5 /* 7-C.png in Resources */,
				BA6274BA1D2020F900C7408A /* 预约结算3.png in Resources */,
				92F9D0411D1A79910075A7E5 /* 5-C.png in Resources */,
				92F9D0401D1A79910075A7E5 /* 4-C.png in Resources */,
				BB34F1171703CAD4006EF991 /* Default@2x.png in Resources */,
				92F9D0451D1A79910075A7E5 /* 9-C.png in Resources */,
				BA103CC31D1D7329009AD29B /* 图形LOGO_UP.mov in Resources */,
				BA6274C81D20358D00C7408A /* App_Icon29.png in Resources */,
				92F9D0461D1A79910075A7E5 /* 10-C.png in Resources */,
				BAB005771D199552009EC0B3 /* App_icon.png in Resources */,
				92F9D03F1D1A79910075A7E5 /* 3-C.png in Resources */,
				9211BCBE1D195A560064F049 /* 10-A.png in Resources */,
				9211BCBC1D195A560064F049 /* 0-A.png in Resources */,
				92F9D0421D1A79910075A7E5 /* 6-C.png in Resources */,
				BA103CDC1D1EAFC2009AD29B /* homeBG.png in Resources */,
				9211BCC01D195A560064F049 /* 3-A.png in Resources */,
				BA6274CB1D20358D00C7408A /* App_Icon40@2x.png in Resources */,
				BA6274C91D20358D00C7408A /* App_Icon29@2x.png in Resources */,
				9211BCBF1D195A560064F049 /* 2-A.png in Resources */,
				BA6274BD1D20273C00C7408A /* 图形LOGO正面-MOV_01.mov in Resources */,
				BA6274C71D20358D00C7408A /* Alarm_icon512.png in Resources */,
				BB34F1191703CAD4006EF991 /* Default-568h@2x.png in Resources */,
				BB34F11C1703CAD4006EF991 /* MainStoryboard.storyboard in Resources */,
				BA6274BB1D2020F900C7408A /* 预约结算4.png in Resources */,
				BB34F1261703CB2B006EF991 /* digital-7.ttf in Resources */,
				BA6274CE1D20358D00C7408A /* App_Icon60@3x.png in Resources */,
				BA103CD01D1E61C9009AD29B /* play_button_32px_1199961_easyicon.net.png in Resources */,
				BA103CCB1D1E58E1009AD29B /* Ocenary_Logo_02.png in Resources */,
				BBFD0EC8171FA49D00F7C664 /* Best_Morning_Alarm.m4r in Resources */,
				BA103CC61D1E56DF009AD29B /* launchHD5_5.png in Resources */,
				9211BCC21D195A560064F049 /* 5-A.png in Resources */,
				BAB307C71D1C34AC00BB47EA /* 字母LOGO.mov in Resources */,
			);
			runOnlyForDeploymentPostprocessing = 0;
		};
/* End PBXResourcesBuildPhase section */

/* Begin PBXSourcesBuildPhase section */
		BB34F0FB1703CAD3006EF991 /* Sources */ = {
			isa = PBXSourcesBuildPhase;
			buildActionMask = 2147483647;
			files = (
				BB34F10F1703CAD4006EF991 /* main.m in Sources */,
				92F9D0301D1A66680075A7E5 /* UIWindow+PazLabs.m in Sources */,
				BA29B5A71D197C8C006CD04B /* TPFTimerView.m in Sources */,
				BB34F1131703CAD4006EF991 /* AppDelegate.m in Sources */,
				BA6274B71D201B2300C7408A /* selectVideoMode.m in Sources */,
				92F9D04A1D1A842B0075A7E5 /* TPFInfoShareManager.m in Sources */,
				9202DC741D181FF3004ACA8F /* VideoPlayerController.m in Sources */,
				BB34F11F1703CAD4006EF991 /* HomeViewController.m in Sources */,
				BBB1FA95171DC61800632A28 /* AlarmListTableController.m in Sources */,
				BB2AB1FA171DCD4D0044DACE /* AlarmObject.m in Sources */,
				BB2AB1FD171DEE740044DACE /* AddEditAlarmViewController.m in Sources */,
				BBFD0ECD171FA6F200F7C664 /* AlarmLabelEditViewController.m in Sources */,
			);
			runOnlyForDeploymentPostprocessing = 0;
		};
/* End PBXSourcesBuildPhase section */

/* Begin PBXVariantGroup section */
		BB34F10B1703CAD4006EF991 /* InfoPlist.strings */ = {
			isa = PBXVariantGroup;
			children = (
				BB34F10C1703CAD4006EF991 /* en */,
			);
			name = InfoPlist.strings;
			sourceTree = "<group>";
		};
		BB34F11A1703CAD4006EF991 /* MainStoryboard.storyboard */ = {
			isa = PBXVariantGroup;
			children = (
				BB34F11B1703CAD4006EF991 /* en */,
			);
			name = MainStoryboard.storyboard;
			sourceTree = "<group>";
		};
/* End PBXVariantGroup section */

/* Begin XCBuildConfiguration section */
		BB34F1201703CAD4006EF991 /* Debug */ = {
			isa = XCBuildConfiguration;
			buildSettings = {
				ALTERNATE_OWNER = "$(INSTALL_OWNER)";
				ALWAYS_SEARCH_USER_PATHS = NO;
				CLANG_CXX_LANGUAGE_STANDARD = "gnu++0x";
				CLANG_CXX_LIBRARY = "libc++";
				CLANG_WARN_CONSTANT_CONVERSION = YES;
				CLANG_WARN_EMPTY_BODY = YES;
				CLANG_WARN_ENUM_CONVERSION = YES;
				CLANG_WARN_INT_CONVERSION = YES;
				CLANG_WARN__DUPLICATE_METHOD_MATCH = YES;
				CODE_SIGN_IDENTITY = "";
				"CODE_SIGN_IDENTITY[sdk=iphoneos*]" = "iPhone Developer";
				COPY_PHASE_STRIP = NO;
				GCC_C_LANGUAGE_STANDARD = gnu99;
				GCC_DYNAMIC_NO_PIC = NO;
				GCC_OPTIMIZATION_LEVEL = 0;
				GCC_PREPROCESSOR_DEFINITIONS = (
					"DEBUG=1",
					"$(inherited)",
				);
				GCC_SYMBOLS_PRIVATE_EXTERN = NO;
				GCC_WARN_ABOUT_RETURN_TYPE = YES;
				GCC_WARN_UNINITIALIZED_AUTOS = YES;
				GCC_WARN_UNUSED_VARIABLE = YES;
				INSTALL_OWNER = "$(INSTALL_OWNER)";
				IPHONEOS_DEPLOYMENT_TARGET = 6.1;
				ONLY_ACTIVE_ARCH = YES;
				SDKROOT = iphoneos;
			};
			name = Debug;
		};
		BB34F1211703CAD4006EF991 /* Release */ = {
			isa = XCBuildConfiguration;
			buildSettings = {
				ALTERNATE_OWNER = "$(INSTALL_OWNER)";
				ALWAYS_SEARCH_USER_PATHS = NO;
				CLANG_CXX_LANGUAGE_STANDARD = "gnu++0x";
				CLANG_CXX_LIBRARY = "libc++";
				CLANG_WARN_CONSTANT_CONVERSION = YES;
				CLANG_WARN_EMPTY_BODY = YES;
				CLANG_WARN_ENUM_CONVERSION = YES;
				CLANG_WARN_INT_CONVERSION = YES;
				CLANG_WARN__DUPLICATE_METHOD_MATCH = YES;
				CODE_SIGN_IDENTITY = "";
				"CODE_SIGN_IDENTITY[sdk=iphoneos*]" = "iPhone Developer";
				COPY_PHASE_STRIP = YES;
				GCC_C_LANGUAGE_STANDARD = gnu99;
				GCC_WARN_ABOUT_RETURN_TYPE = YES;
				GCC_WARN_UNINITIALIZED_AUTOS = YES;
				GCC_WARN_UNUSED_VARIABLE = YES;
				INSTALL_OWNER = "$(INSTALL_OWNER)";
				IPHONEOS_DEPLOYMENT_TARGET = 6.1;
				OTHER_CFLAGS = "-DNS_BLOCK_ASSERTIONS=1";
				SDKROOT = iphoneos;
				VALIDATE_PRODUCT = YES;
			};
			name = Release;
		};
		BB34F1231703CAD4006EF991 /* Debug */ = {
			isa = XCBuildConfiguration;
			buildSettings = {
				ALTERNATE_OWNER = "$(USER)";
				ASSETCATALOG_COMPILER_APPICON_NAME = AppIcon;
				ASSETCATALOG_COMPILER_LAUNCHIMAGE_NAME = LaunchImage;
				CLANG_ENABLE_OBJC_ARC = YES;
				CODE_SIGN_IDENTITY = "iPhone Developer";
				"CODE_SIGN_IDENTITY[sdk=iphoneos*]" = "iPhone Developer";
				GCC_PRECOMPILE_PREFIX_HEADER = YES;
				GCC_PREFIX_HEADER = "AlarmClock/AlarmClock-Prefix.pch";
				INFOPLIST_FILE = "AlarmClock/AlarmClock-Info.plist";
				INSTALL_OWNER = "$(USER)";
				PRODUCT_BUNDLE_IDENTIFIER = com.video.alarmClock.enterprise;
				PRODUCT_NAME = "影像闹钟";
				PROVISIONING_PROFILE = "";
				VERSION_INFO_BUILDER = bizzl3;
				WRAPPER_EXTENSION = app;
			};
			name = Debug;
		};
		BB34F1241703CAD4006EF991 /* Release */ = {
			isa = XCBuildConfiguration;
			buildSettings = {
				ALTERNATE_OWNER = "$(USER)";
				ASSETCATALOG_COMPILER_APPICON_NAME = AppIcon;
				ASSETCATALOG_COMPILER_LAUNCHIMAGE_NAME = LaunchImage;
				CLANG_ENABLE_OBJC_ARC = YES;
				CODE_SIGN_IDENTITY = "iPhone Developer";
				"CODE_SIGN_IDENTITY[sdk=iphoneos*]" = "iPhone Developer";
				GCC_PRECOMPILE_PREFIX_HEADER = YES;
				GCC_PREFIX_HEADER = "AlarmClock/AlarmClock-Prefix.pch";
				INFOPLIST_FILE = "AlarmClock/AlarmClock-Info.plist";
				INSTALL_OWNER = "$(USER)";
				PRODUCT_BUNDLE_IDENTIFIER = com.video.alarmClock.enterprise;
				PRODUCT_NAME = "影像闹钟";
				PROVISIONING_PROFILE = "";
				VERSION_INFO_BUILDER = bizzl3;
				WRAPPER_EXTENSION = app;
			};
			name = Release;
		};
/* End XCBuildConfiguration section */

/* Begin XCConfigurationList section */
		BB34F0FA1703CAD3006EF991 /* Build configuration list for PBXProject "AlarmClock" */ = {
			isa = XCConfigurationList;
			buildConfigurations = (
				BB34F1201703CAD4006EF991 /* Debug */,
				BB34F1211703CAD4006EF991 /* Release */,
			);
			defaultConfigurationIsVisible = 0;
			defaultConfigurationName = Release;
		};
		BB34F1221703CAD4006EF991 /* Build configuration list for PBXNativeTarget "AlarmClock" */ = {
			isa = XCConfigurationList;
			buildConfigurations = (
				BB34F1231703CAD4006EF991 /* Debug */,
				BB34F1241703CAD4006EF991 /* Release */,
			);
			defaultConfigurationIsVisible = 0;
			defaultConfigurationName = Release;
		};
/* End XCConfigurationList section */
	};
	rootObject = BB34F0F71703CAD3006EF991 /* Project object */;
}
